# THIS IS AN AUTOGENERATED FILE. DO NOT EDIT THIS FILE DIRECTLY.
# yarn lockfile v1


"@ampproject/remapping@^2.1.0":
  "integrity" "sha512-qRmjj8nj9qmLTQXXmaR1cck3UXSRMPrbsLJAasZpF+t3riI71BXed5ebIOYwQntykeZuhjsdweEc9BxH5Jc26w=="
  "resolved" "https://registry.npmjs.org/@ampproject/remapping/-/remapping-2.2.0.tgz"
  "version" "2.2.0"
  dependencies:
    "@jridgewell/gen-mapping" "^0.1.0"
    "@jridgewell/trace-mapping" "^0.3.9"

"@apideck/better-ajv-errors@^0.3.1":
  "integrity" "sha512-P+ZygBLZtkp0qqOAJJVX4oX/sFo5JR3eBWwwuqHHhK0GIgQOKWrAfiAaWX0aArHkRWHMuggFEgAZNxVPwPZYaA=="
  "resolved" "https://registry.npmjs.org/@apideck/better-ajv-errors/-/better-ajv-errors-0.3.6.tgz"
  "version" "0.3.6"
  dependencies:
    "json-schema" "^0.4.0"
    "jsonpointer" "^5.0.0"
    "leven" "^3.1.0"

"@babel/code-frame@^7.0.0", "@babel/code-frame@^7.10.4", "@babel/code-frame@^7.12.13", "@babel/code-frame@^7.8.3":
  "integrity" "sha512-HV1Cm0Q3ZrpCR93tkWOYiuYIgLxZXZFVG2VgK+MBWjUqZTundupbfx2aXarXuw5Ko5aMcjtJgbSs4vUGBS5v6g=="
  "resolved" "https://registry.npmjs.org/@babel/code-frame/-/code-frame-7.12.13.tgz"
  "version" "7.12.13"
  dependencies:
    "@babel/highlight" "^7.12.13"

"@babel/code-frame@^7.16.0":
  "integrity" "sha512-TDCmlK5eOvH+eH7cdAFlNXeVJqWIQ7gW9tY1GJIpUtFb6CmjVyq2VM3u71bOyR8CRihcCgMUYoDNyLXao3+70Q=="
  "resolved" "https://registry.npmjs.org/@babel/code-frame/-/code-frame-7.18.6.tgz"
  "version" "7.18.6"
  dependencies:
    "@babel/highlight" "^7.18.6"

"@babel/code-frame@^7.18.6":
  "integrity" "sha512-TDCmlK5eOvH+eH7cdAFlNXeVJqWIQ7gW9tY1GJIpUtFb6CmjVyq2VM3u71bOyR8CRihcCgMUYoDNyLXao3+70Q=="
  "resolved" "https://registry.npmjs.org/@babel/code-frame/-/code-frame-7.18.6.tgz"
  "version" "7.18.6"
  dependencies:
    "@babel/highlight" "^7.18.6"

"@babel/compat-data@^7.17.7", "@babel/compat-data@^7.20.0", "@babel/compat-data@^7.20.1":
  "integrity" "sha512-EWZ4mE2diW3QALKvDMiXnbZpRvlj+nayZ112nK93SnhqOtpdsbVD4W+2tEoT3YNBAG9RBR0ISY758ZkOgsn6pQ=="
  "resolved" "https://registry.npmjs.org/@babel/compat-data/-/compat-data-7.20.1.tgz"
  "version" "7.20.1"

"@babel/core@^7.0.0", "@babel/core@^7.0.0-0", "@babel/core@^7.1.0", "@babel/core@^7.11.1", "@babel/core@^7.12.0", "@babel/core@^7.12.3", "@babel/core@^7.13.0", "@babel/core@^7.16.0", "@babel/core@^7.4.0-0", "@babel/core@^7.7.2", "@babel/core@^7.8.0", "@babel/core@>=7.11.0":
  "integrity" "sha512-w7DbG8DtMrJcFOi4VrLm+8QM4az8Mo+PuLBKLp2zrYRCow8W/f9xiXm5sN53C8HksCyDQwCKha9JiDoIyPjT2g=="
  "resolved" "https://registry.npmjs.org/@babel/core/-/core-7.20.2.tgz"
  "version" "7.20.2"
  dependencies:
    "@ampproject/remapping" "^2.1.0"
    "@babel/code-frame" "^7.18.6"
    "@babel/generator" "^7.20.2"
    "@babel/helper-compilation-targets" "^7.20.0"
    "@babel/helper-module-transforms" "^7.20.2"
    "@babel/helpers" "^7.20.1"
    "@babel/parser" "^7.20.2"
    "@babel/template" "^7.18.10"
    "@babel/traverse" "^7.20.1"
    "@babel/types" "^7.20.2"
    "convert-source-map" "^1.7.0"
    "debug" "^4.1.0"
    "gensync" "^1.0.0-beta.2"
    "json5" "^2.2.1"
    "semver" "^6.3.0"

"@babel/eslint-parser@^7.16.3":
  "integrity" "sha512-AqNf2QWt1rtu2/1rLswy6CDP7H9Oh3mMhk177Y67Rg8d7RD9WfOLLv8CGn6tisFvS2htm86yIe1yLF6I1UDaGQ=="
  "resolved" "https://registry.npmjs.org/@babel/eslint-parser/-/eslint-parser-7.19.1.tgz"
  "version" "7.19.1"
  dependencies:
    "@nicolo-ribaudo/eslint-scope-5-internals" "5.1.1-v1"
    "eslint-visitor-keys" "^2.1.0"
    "semver" "^6.3.0"

"@babel/generator@^7.20.1", "@babel/generator@^7.20.2", "@babel/generator@^7.7.2":
  "integrity" "sha512-luCf7yk/cm7yab6CAW1aiFnmEfBJplb/JojV56MYEK7ziWfGmFlTfmL9Ehwfy4gFhbjBfWO1wj7/TuSbVNEEtA=="
  "resolved" "https://registry.npmjs.org/@babel/generator/-/generator-7.20.4.tgz"
  "version" "7.20.4"
  dependencies:
    "@babel/types" "^7.20.2"
    "@jridgewell/gen-mapping" "^0.3.2"
    "jsesc" "^2.5.1"

"@babel/helper-annotate-as-pure@^7.18.6":
  "integrity" "sha512-duORpUiYrEpzKIop6iNbjnwKLAKnJ47csTyRACyEmWj0QdUrm5aqNJGHSSEQSUAvNW0ojX0dOmK9dZduvkfeXA=="
  "resolved" "https://registry.npmjs.org/@babel/helper-annotate-as-pure/-/helper-annotate-as-pure-7.18.6.tgz"
  "version" "7.18.6"
  dependencies:
    "@babel/types" "^7.18.6"

"@babel/helper-builder-binary-assignment-operator-visitor@^7.18.6":
  "integrity" "sha512-yFQ0YCHoIqarl8BCRwBL8ulYUaZpz3bNsA7oFepAzee+8/+ImtADXNOmO5vJvsPff3qi+hvpkY/NYBTrBQgdNw=="
  "resolved" "https://registry.npmjs.org/@babel/helper-builder-binary-assignment-operator-visitor/-/helper-builder-binary-assignment-operator-visitor-7.18.9.tgz"
  "version" "7.18.9"
  dependencies:
    "@babel/helper-explode-assignable-expression" "^7.18.6"
    "@babel/types" "^7.18.9"

"@babel/helper-compilation-targets@^7.17.7", "@babel/helper-compilation-targets@^7.18.9", "@babel/helper-compilation-targets@^7.20.0":
  "integrity" "sha512-0jp//vDGp9e8hZzBc6N/KwA5ZK3Wsm/pfm4CrY7vzegkVxc65SgSn6wYOnwHe9Js9HRQ1YTCKLGPzDtaS3RoLQ=="
  "resolved" "https://registry.npmjs.org/@babel/helper-compilation-targets/-/helper-compilation-targets-7.20.0.tgz"
  "version" "7.20.0"
  dependencies:
    "@babel/compat-data" "^7.20.0"
    "@babel/helper-validator-option" "^7.18.6"
    "browserslist" "^4.21.3"
    "semver" "^6.3.0"

"@babel/helper-create-class-features-plugin@^7.18.6", "@babel/helper-create-class-features-plugin@^7.20.2":
  "integrity" "sha512-k22GoYRAHPYr9I+Gvy2ZQlAe5mGy8BqWst2wRt8cwIufWTxrsVshhIBvYNqC80N0GSFWTsqRVexOtfzlgOEDvA=="
  "resolved" "https://registry.npmjs.org/@babel/helper-create-class-features-plugin/-/helper-create-class-features-plugin-7.20.2.tgz"
  "version" "7.20.2"
  dependencies:
    "@babel/helper-annotate-as-pure" "^7.18.6"
    "@babel/helper-environment-visitor" "^7.18.9"
    "@babel/helper-function-name" "^7.19.0"
    "@babel/helper-member-expression-to-functions" "^7.18.9"
    "@babel/helper-optimise-call-expression" "^7.18.6"
    "@babel/helper-replace-supers" "^7.19.1"
    "@babel/helper-split-export-declaration" "^7.18.6"

"@babel/helper-create-regexp-features-plugin@^7.18.6", "@babel/helper-create-regexp-features-plugin@^7.19.0":
  "integrity" "sha512-htnV+mHX32DF81amCDrwIDr8nrp1PTm+3wfBN9/v8QJOLEioOCOG7qNyq0nHeFiWbT3Eb7gsPwEmV64UCQ1jzw=="
  "resolved" "https://registry.npmjs.org/@babel/helper-create-regexp-features-plugin/-/helper-create-regexp-features-plugin-7.19.0.tgz"
  "version" "7.19.0"
  dependencies:
    "@babel/helper-annotate-as-pure" "^7.18.6"
    "regexpu-core" "^5.1.0"

"@babel/helper-define-polyfill-provider@^0.3.3":
  "integrity" "sha512-z5aQKU4IzbqCC1XH0nAqfsFLMVSo22SBKUc0BxGrLkolTdPTructy0ToNnlO2zA4j9Q/7pjMZf0DSY+DSTYzww=="
  "resolved" "https://registry.npmjs.org/@babel/helper-define-polyfill-provider/-/helper-define-polyfill-provider-0.3.3.tgz"
  "version" "0.3.3"
  dependencies:
    "@babel/helper-compilation-targets" "^7.17.7"
    "@babel/helper-plugin-utils" "^7.16.7"
    "debug" "^4.1.1"
    "lodash.debounce" "^4.0.8"
    "resolve" "^1.14.2"
    "semver" "^6.1.2"

"@babel/helper-environment-visitor@^7.18.9":
  "integrity" "sha512-3r/aACDJ3fhQ/EVgFy0hpj8oHyHpQc+LPtJoY9SzTThAsStm4Ptegq92vqKoE3vD706ZVFWITnMnxucw+S9Ipg=="
  "resolved" "https://registry.npmjs.org/@babel/helper-environment-visitor/-/helper-environment-visitor-7.18.9.tgz"
  "version" "7.18.9"

"@babel/helper-explode-assignable-expression@^7.18.6":
  "integrity" "sha512-eyAYAsQmB80jNfg4baAtLeWAQHfHFiR483rzFK+BhETlGZaQC9bsfrugfXDCbRHLQbIA7U5NxhhOxN7p/dWIcg=="
  "resolved" "https://registry.npmjs.org/@babel/helper-explode-assignable-expression/-/helper-explode-assignable-expression-7.18.6.tgz"
  "version" "7.18.6"
  dependencies:
    "@babel/types" "^7.18.6"

"@babel/helper-function-name@^7.18.9", "@babel/helper-function-name@^7.19.0":
  "integrity" "sha512-WAwHBINyrpqywkUH0nTnNgI5ina5TFn85HKS0pbPDfxFfhyR/aNQEn4hGi1P1JyT//I0t4OgXUlofzWILRvS5w=="
  "resolved" "https://registry.npmjs.org/@babel/helper-function-name/-/helper-function-name-7.19.0.tgz"
  "version" "7.19.0"
  dependencies:
    "@babel/template" "^7.18.10"
    "@babel/types" "^7.19.0"

"@babel/helper-hoist-variables@^7.18.6":
  "integrity" "sha512-UlJQPkFqFULIcyW5sbzgbkxn2FKRgwWiRexcuaR8RNJRy8+LLveqPjwZV/bwrLZCN0eUHD/x8D0heK1ozuoo6Q=="
  "resolved" "https://registry.npmjs.org/@babel/helper-hoist-variables/-/helper-hoist-variables-7.18.6.tgz"
  "version" "7.18.6"
  dependencies:
    "@babel/types" "^7.18.6"

  "version" "1.0.2"

"write-file-atomic@^3.0.0":
  "integrity" "sha512-AvHcyZ5JnSfq3ioSyjrBkH9yW4m7Ayk8/9My/DD9onKeu/94fwrMocemO2QAJFAlnnDN+ZDS+ZjAR5ua1/PV/Q=="
  "resolved" "https://registry.npmjs.org/write-file-atomic/-/write-file-atomic-3.0.3.tgz"
  "version" "3.0.3"
  dependencies:
    "imurmurhash" "^0.1.4"
    "is-typedarray" "^1.0.0"
    "signal-exit" "^3.0.2"
    "typedarray-to-buffer" "^3.1.5"

"ws@^7.4.6":
  "integrity" "sha512-F+P9Jil7UiSKSkppIiD94dN07AwvFixvLIj1Og1Rl9GGMuNipJnV9JzjD6XuqmAeiswGvUmNLjr5cFuXwNS77Q=="
  "resolved" "https://registry.npmjs.org/ws/-/ws-7.5.9.tgz"
  "version" "7.5.9"

"ws@^8.4.2":
  "integrity" "sha512-HPG3wQd9sNQoT9xHyNCXoDUa+Xw/VevmY9FoHyQ+g+rrMn4j6FB4np7Z0OhdTgjx6MgQLK7jwSy1YecU1+4Asg=="
  "resolved" "https://registry.npmjs.org/ws/-/ws-8.11.0.tgz"
  "version" "8.11.0"

"xml-name-validator@^3.0.0":
  "integrity" "sha512-A5CUptxDsvxKJEU3yO6DuWBSJz/qizqzJKOMIfUJHETbBw/sFaDxgd6fxm1ewUaM0jZ444Fc5vC5ROYurg/4Pw=="
  "resolved" "https://registry.npmjs.org/xml-name-validator/-/xml-name-validator-3.0.0.tgz"
  "version" "3.0.0"

"xmlchars@^2.2.0":
  "integrity" "sha512-JZnDKK8B0RCDw84FNdDAIpZK+JuJw+s7Lz8nksI7SIuU3UXJJslUthsi+uWBUYOwPFwW7W7PRLRfUKpxjtjFCw=="
  "resolved" "https://registry.npmjs.org/xmlchars/-/xmlchars-2.2.0.tgz"
  "version" "2.2.0"

"xtend@^4.0.2":
  "integrity" "sha512-LKYU1iAXJXUgAXn9URjiu+MWhyUXHsvfp7mcuYm9dSUKK0/CjtrUwFAxD82/mCWbtLsGjFIad0wIsod4zrTAEQ=="
  "resolved" "https://registry.npmjs.org/xtend/-/xtend-4.0.2.tgz"
  "version" "4.0.2"

"y18n@^5.0.5":
  "integrity" "sha512-0pfFzegeDWJHJIAmTLRP2DwHjdF5s7jo9tuztdQxAhINCdvS+3nGINqPd00AphqJR/0LhANUS6/+7SCb98YOfA=="
  "resolved" "https://registry.npmjs.org/y18n/-/y18n-5.0.8.tgz"
  "version" "5.0.8"

"yallist@^4.0.0":
  "integrity" "sha512-3wdGidZyq5PB084XLES5TpOSRA3wjXAlIWMhum2kRcv/41Sn2emQ0dycQW4uZXLejwKvg6EsvbdlVL+FYEct7A=="
  "resolved" "https://registry.npmjs.org/yallist/-/yallist-4.0.0.tgz"
  "version" "4.0.0"

"yaml@^1.10.0", "yaml@^1.10.2", "yaml@^1.7.2":
  "integrity" "sha512-r3vXyErRCYJ7wg28yvBY5VSoAF8ZvlcW9/BwUzEtUsjvX/DKs24dIkuwjtuprwJJHsbyUbLApepYTR1BN4uHrg=="
  "resolved" "https://registry.npmjs.org/yaml/-/yaml-1.10.2.tgz"
  "version" "1.10.2"

"yargs-parser@^20.2.2":
  "integrity" "sha512-y11nGElTIV+CT3Zv9t7VKl+Q3hTQoT9a1Qzezhhl6Rp21gJ/IVTW7Z3y9EWXhuUBC2Shnf+DX0antecpAwSP8w=="
  "resolved" "https://registry.npmjs.org/yargs-parser/-/yargs-parser-20.2.9.tgz"
  "version" "20.2.9"

"yargs@^16.2.0":
  "integrity" "sha512-D1mvvtDG0L5ft/jGWkLpG1+m0eQxOfaBvTNELraWj22wSVUMWxZUvYgJYcKh6jGGIkJFhH4IZPQhR4TKpc8mBw=="
  "resolved" "https://registry.npmjs.org/yargs/-/yargs-16.2.0.tgz"
  "version" "16.2.0"
  dependencies:
    "cliui" "^7.0.2"
    "escalade" "^3.1.1"
    "get-caller-file" "^2.0.5"
    "require-directory" "^2.1.1"
    "string-width" "^4.2.0"
    "y18n" "^5.0.5"
    "yargs-parser" "^20.2.2"

"yocto-queue@^0.1.0":
  "integrity" "sha512-rVksvsnNCdJ/ohGc6xgPwyN8eheCxsiLM8mxuE/t/mOVqJewPuO1miLpTHQiRgTKCLexL4MeAFVagts7HmNZ2Q=="
  "resolved" "https://registry.npmjs.org/yocto-queue/-/yocto-queue-0.1.0.tgz"
  "version" "0.1.0"